
Microsoft Visual Studio Solution File, Format Version 12.00
# Visual Studio 15
Project("{FAE04EC0-301F-11D3-BF4B-00C04F79EFBC}") = "UnityEngine.XR.MagicLeap", "UnityEngine.XR.MagicLeap.csproj", "{09923663-D1E1-4A8A-CCFF-359BA535F392}"
EndProject
Project("{FAE04EC0-301F-11D3-BF4B-00C04F79EFBC}") = "UnityEngine.TestRunner", "UnityEngine.TestRunner.csproj", "{FF3D7EFF-0342-A303-2673-003CF46E58D2}"
EndProject
Project("{FAE04EC0-301F-11D3-BF4B-00C04F79EFBC}") = "UnityEngine.XR.LegacyInputHelpers", "UnityEngine.XR.LegacyInputHelpers.csproj", "{2EDF59F1-C333-C471-9F71-23EE49303CA3}"
EndProject
Project("{FAE04EC0-301F-11D3-BF4B-00C04F79EFBC}") = "Unity.InputSystem", "Unity.InputSystem.csproj", "{B5A4F971-608C-FAC6-9710-82D691E01511}"
EndProject
Project("{FAE04EC0-301F-11D3-BF4B-00C04F79EFBC}") = "Unity.XR.ARSubsystems", "Unity.XR.ARSubsystems.csproj", "{43AC4D0D-0F4F-3C95-EB38-B0F7F4B257E5}"
EndProject
Project("{FAE04EC0-301F-11D3-BF4B-00C04F79EFBC}") = "Unity.Timeline", "Unity.Timeline.csproj", "{986863BC-9B02-83E2-C61E-10C4C860DE10}"
EndProject
Project("{FAE04EC0-301F-11D3-BF4B-00C04F79EFBC}") = "Unity.TextMeshPro", "Unity.TextMeshPro.csproj", "{7075F586-2554-37C7-CF5A-88AC886908A0}"
EndProject
Project("{FAE04EC0-301F-11D3-BF4B-00C04F79EFBC}") = "Unity.XR.Management", "Unity.XR.Management.csproj", "{27039484-7587-0381-1093-CA87BF2B078C}"
EndProject
Project("{FAE04EC0-301F-11D3-BF4B-00C04F79EFBC}") = "Unity.XR.OpenXR", "Unity.XR.OpenXR.csproj", "{0246A963-F1A4-E5FB-798C-0B249A8A1059}"
EndProject
Project("{FAE04EC0-301F-11D3-BF4B-00C04F79EFBC}") = "Unity.XR.MockHMD", "Unity.XR.MockHMD.csproj", "{D6AC2E80-EDD8-A5C6-592D-7108EBB3505C}"
EndProject
Project("{FAE04EC0-301F-11D3-BF4B-00C04F79EFBC}") = "Unity.XR.InteractionSubsystems", "Unity.XR.InteractionSubsystems.csproj", "{30CE5A9F-49DD-635C-3408-ADFD6752668C}"
EndProject
Project("{FAE04EC0-301F-11D3-BF4B-00C04F79EFBC}") = "Unity.XR.OpenXR.Features.ConformanceAutomation", "Unity.XR.OpenXR.Features.ConformanceAutomation.csproj", "{AC08933F-3FC0-9849-2470-026F1B12E5F0}"
EndProject
Project("{FAE04EC0-301F-11D3-BF4B-00C04F79EFBC}") = "Unity.XR.OpenXR.Features.MockRuntime", "Unity.XR.OpenXR.Features.MockRuntime.csproj", "{EC0CF37A-0831-1AED-11D8-7ED232180EA4}"
EndProject
Project("{FAE04EC0-301F-11D3-BF4B-00C04F79EFBC}") = "Unity.Subsystem.Registration", "Unity.Subsystem.Registration.csproj", "{5557D3DA-369B-2F6A-BD6E-E350C4E86709}"
EndProject
Project("{FAE04EC0-301F-11D3-BF4B-00C04F79EFBC}") = "UnityEngine.SpatialTracking", "UnityEngine.SpatialTracking.csproj", "{E9E979EC-279C-B215-81B1-FC730B1C3D60}"
EndProject
Project("{FAE04EC0-301F-11D3-BF4B-00C04F79EFBC}") = "Unity.XR.OpenXR.Features.RuntimeDebugger", "Unity.XR.OpenXR.Features.RuntimeDebugger.csproj", "{5CBFBCBD-C321-CD38-558D-47F70A65693A}"
EndProject
Project("{FAE04EC0-301F-11D3-BF4B-00C04F79EFBC}") = "Unity.XR.OpenXR.Features.OculusQuestSupport", "Unity.XR.OpenXR.Features.OculusQuestSupport.csproj", "{4AF57EFA-2EC4-AE7C-26AE-A35B8E9D9A9D}"
EndProject
Project("{FAE04EC0-301F-11D3-BF4B-00C04F79EFBC}") = "Unity.XR.CoreUtils", "Unity.XR.CoreUtils.csproj", "{C5DB3A4D-8D01-D38A-1DD4-1914192B581F}"
EndProject
Project("{FAE04EC0-301F-11D3-BF4B-00C04F79EFBC}") = "Unity.XR.Interaction.Toolkit", "Unity.XR.Interaction.Toolkit.csproj", "{AE69DE17-F36E-290D-AB4C-C056E730819C}"
EndProject
Project("{FAE04EC0-301F-11D3-BF4B-00C04F79EFBC}") = "Unity.XR.Oculus", "Unity.XR.Oculus.csproj", "{040D78E2-1E7C-9D76-7B86-E503D1FDC09F}"
EndProject
Project("{FAE04EC0-301F-11D3-BF4B-00C04F79EFBC}") = "Unity.XR.Management.Editor", "Unity.XR.Management.Editor.csproj", "{2BF01933-2747-A5E4-CEC5-8B5429243230}"
EndProject
Project("{FAE04EC0-301F-11D3-BF4B-00C04F79EFBC}") = "UnityEditor.TestRunner", "UnityEditor.TestRunner.csproj", "{710D257B-575B-F5D7-CACB-42B5213EBA26}"
EndProject
Project("{FAE04EC0-301F-11D3-BF4B-00C04F79EFBC}") = "Unity.PlasticSCM.Editor", "Unity.PlasticSCM.Editor.csproj", "{9DC1F37A-0E3E-D7E8-93FC-AA58D7028420}"
EndProject
Project("{FAE04EC0-301F-11D3-BF4B-00C04F79EFBC}") = "Unity.XR.OpenXR.Editor", "Unity.XR.OpenXR.Editor.csproj", "{E7B8A4F0-7E00-8D32-D96C-F3FCC0C6108F}"
EndProject
Project("{FAE04EC0-301F-11D3-BF4B-00C04F79EFBC}") = "Unity.Services.Core.Editor", "Unity.Services.Core.Editor.csproj", "{08886998-A9B1-B556-9681-EA6737238C6A}"
EndProject
Project("{FAE04EC0-301F-11D3-BF4B-00C04F79EFBC}") = "Unity.Timeline.Editor", "Unity.Timeline.Editor.csproj", "{1A6E1830-C931-447E-6315-8CA9352901EC}"
EndProject
Project("{FAE04EC0-301F-11D3-BF4B-00C04F79EFBC}") = "Unity.VisualStudio.Editor", "Unity.VisualStudio.Editor.csproj", "{DED391AE-4D55-A7BF-E322-645CE0FC2B54}"
EndProject
Project("{FAE04EC0-301F-11D3-BF4B-00C04F79EFBC}") = "Unity.TextMeshPro.Editor", "Unity.TextMeshPro.Editor.csproj", "{FA6A7AE0-BF8D-986B-6965-4AA24D2BAB1E}"
EndProject
Project("{FAE04EC0-301F-11D3-BF4B-00C04F79EFBC}") = "Unity.CollabProxy.Editor", "Unity.CollabProxy.Editor.csproj", "{D9BD8534-43DB-3586-50A4-B2F61E939427}"
EndProject
Project("{FAE04EC0-301F-11D3-BF4B-00C04F79EFBC}") = "Unity.Rider.Editor", "Unity.Rider.Editor.csproj", "{6897EEB8-425E-54A2-6682-41EC4B67C3F2}"
EndProject
Project("{FAE04EC0-301F-11D3-BF4B-00C04F79EFBC}") = "UnityEditor.XR.MagicLeap", "UnityEditor.XR.MagicLeap.csproj", "{033315F9-47FD-8F8A-59E3-BDCFB93C8DC1}"
EndProject
Project("{FAE04EC0-301F-11D3-BF4B-00C04F79EFBC}") = "Unity.XR.Management.Samples.Editor", "Unity.XR.Management.Samples.Editor.csproj", "{0E6B692A-B3E4-58E9-4E47-229BDFFDB9D3}"
EndProject
Project("{FAE04EC0-301F-11D3-BF4B-00C04F79EFBC}") = "UnityEditor.XR.LegacyInputHelpers", "UnityEditor.XR.LegacyInputHelpers.csproj", "{D7562DA0-7437-F62C-B0BD-D96FF52671E5}"
EndProject
Project("{FAE04EC0-301F-11D3-BF4B-00C04F79EFBC}") = "Unity.XR.Management.Samples", "Unity.XR.Management.Samples.csproj", "{9805BB58-BA63-96AE-EF86-53D6C0ECC060}"
EndProject
Project("{FAE04EC0-301F-11D3-BF4B-00C04F79EFBC}") = "Unity.VSCode.Editor", "Unity.VSCode.Editor.csproj", "{5938F536-BFF8-7A9E-7C6C-C49A39F9F145}"
EndProject
Project("{FAE04EC0-301F-11D3-BF4B-00C04F79EFBC}") = "UnityEditor.SpatialTracking", "UnityEditor.SpatialTracking.csproj", "{BE9CFF6F-DAB4-E0D1-5877-AFB3C2F0775C}"
EndProject
Project("{FAE04EC0-301F-11D3-BF4B-00C04F79EFBC}") = "Unity.XR.MockHMD.Editor", "Unity.XR.MockHMD.Editor.csproj", "{AB23EDB2-072A-C904-7DE0-599CC223F8B0}"
EndProject
Project("{FAE04EC0-301F-11D3-BF4B-00C04F79EFBC}") = "Unity.XR.ARSubsystems.Editor", "Unity.XR.ARSubsystems.Editor.csproj", "{B22E06F9-663F-9A96-3440-20859D4EA2F1}"
EndProject
Project("{FAE04EC0-301F-11D3-BF4B-00C04F79EFBC}") = "Unity.InternalAPIEditorBridge.005", "Unity.InternalAPIEditorBridge.005.csproj", "{0CA28997-F1B6-592B-B765-DAA4AC5E3B38}"
EndProject
Project("{FAE04EC0-301F-11D3-BF4B-00C04F79EFBC}") = "Unity.XR.OpenXR.Features.RuntimeDebugger.Editor", "Unity.XR.OpenXR.Features.RuntimeDebugger.Editor.csproj", "{6DAD60C0-E6D1-0992-D4D8-7EEEFC92F0A3}"
EndProject
Project("{FAE04EC0-301F-11D3-BF4B-00C04F79EFBC}") = "Unity.XR.OpenXR.Features.OculusQuestSupport.Editor", "Unity.XR.OpenXR.Features.OculusQuestSupport.Editor.csproj", "{95ECEA6C-85E4-D692-510F-2FD3AF5EA472}"
EndProject
Project("{FAE04EC0-301F-11D3-BF4B-00C04F79EFBC}") = "Unity.XR.CoreUtils.Editor", "Unity.XR.CoreUtils.Editor.csproj", "{752CCDC2-127D-3311-D1BF-66D5BBF2D5E3}"
EndProject
Project("{FAE04EC0-301F-11D3-BF4B-00C04F79EFBC}") = "Unity.XR.Interaction.Toolkit.Editor", "Unity.XR.Interaction.Toolkit.Editor.csproj", "{6A7CBBC1-D308-C67D-2FA2-4C1B729C1C1C}"
EndProject
Project("{FAE04EC0-301F-11D3-BF4B-00C04F79EFBC}") = "Unity.XR.Oculus.Editor", "Unity.XR.Oculus.Editor.csproj", "{7C113246-AED5-1564-4794-06D9C2F166A2}"
EndProject
Global
	GlobalSection(SolutionConfigurationPlatforms) = preSolution
		Debug|Any CPU = Debug|Any CPU
		Release|Any CPU = Release|Any CPU
	EndGlobalSection
	GlobalSection(ProjectConfigurationPlatforms) = postSolution
		{09923663-D1E1-4A8A-CCFF-359BA535F392}.Debug|Any CPU.ActiveCfg = Debug|Any CPU
		{09923663-D1E1-4A8A-CCFF-359BA535F392}.Debug|Any CPU.Build.0 = Debug|Any CPU
		{09923663-D1E1-4A8A-CCFF-359BA535F392}.Release|Any CPU.ActiveCfg = Release|Any CPU
		{09923663-D1E1-4A8A-CCFF-359BA535F392}.Release|Any CPU.Build.0 = Release|Any CPU
		{FF3D7EFF-0342-A303-2673-003CF46E58D2}.Debug|Any CPU.ActiveCfg = Debug|Any CPU
		{FF3D7EFF-0342-A303-2673-003CF46E58D2}.Debug|Any CPU.Build.0 = Debug|Any CPU
		{FF3D7EFF-0342-A303-2673-003CF46E58D2}.Release|Any CPU.ActiveCfg = Release|Any CPU
		{FF3D7EFF-0342-A303-2673-003CF46E58D2}.Release|Any CPU.Build.0 = Release|Any CPU
		{2EDF59F1-C333-C471-9F71-23EE49303CA3}.Debug|Any CPU.ActiveCfg = Debug|Any CPU
		{2EDF59F1-C333-C471-9F71-23EE49303CA3}.Debug|Any CPU.Build.0 = Debug|Any CPU
		{2EDF59F1-C333-C471-9F71-23EE49303CA3}.Release|Any CPU.ActiveCfg = Release|Any CPU
		{2EDF59F1-C333-C471-9F71-23EE49303CA3}.Release|Any CPU.Build.0 = Release|Any CPU
		{B5A4F971-608C-FAC6-9710-82D691E01511}.Debug|Any CPU.ActiveCfg = Debug|Any CPU
		{B5A4F971-608C-FAC6-9710-82D691E01511}.Debug|Any CPU.Build.0 = Debug|Any CPU
		{B5A4F971-608C-FAC6-9710-82D691E01511}.Release|Any CPU.ActiveCfg = Release|Any CPU
		{B5A4F971-608C-FAC6-9710-82D691E01511}.Release|Any CPU.Build.0 = Release|Any CPU
		{43AC4D0D-0F4F-3C95-EB38-B0F7F4B257E5}.Debug|Any CPU.ActiveCfg = Debug|Any CPU
		{43AC4D0D-0F4F-3C95-EB38-B0F7F4B257E5}.Debug|Any CPU.Build.0 = Debug|Any CPU
		{43AC4D0D-0F4F-3C95-EB38-B0F7F4B257E5}.Release|Any CPU.ActiveCfg = Release|Any CPU
		{43AC4D0D-0F4F-3C95-EB38-B0F7F4B257E5}.Release|Any CPU.Build.0 = Release|Any CPU
		{986863BC-9B02-83E2-C61E-10C4C860DE10}.Debug|Any CPU.ActiveCfg = Debug|Any CPU
		{986863BC-9B02-83E2-C61E-10C4C860DE10}.Debug|Any CPU.Build.0 = Debug|Any CPU
		{986863BC-9B02-83E2-C61E-10C4C860DE10}.Release|Any CPU.ActiveCfg = Release|Any CPU
		{986863BC-9B02-83E2-C61E-10C4C860DE10}.Release|Any CPU.Build.0 = Release|Any CPU
		{7075F586-2554-37C7-CF5A-88AC886908A0}.Debug|Any CPU.ActiveCfg = Debug|Any CPU
		{7075F586-2554-37C7-CF5A-88AC886908A0}.Debug|Any CPU.Build.0 = Debug|Any CPU
		{7075F586-2554-37C7-CF5A-88AC886908A0}.Release|Any CPU.ActiveCfg = Release|Any CPU
		{7075F586-2554-37C7-CF5A-88AC886908A0}.Release|Any CPU.Build.0 = Release|Any CPU
		{27039484-7587-0381-1093-CA87BF2B078C}.Debug|Any CPU.ActiveCfg = Debug|Any CPU
		{27039484-7587-0381-1093-CA87BF2B078C}.Debug|Any CPU.Build.0 = Debug|Any CPU
		{27039484-7587-0381-1093-CA87BF2B078C}.Release|Any CPU.ActiveCfg = Release|Any CPU
		{27039484-7587-0381-1093-CA87BF2B078C}.Release|Any CPU.Build.0 = Release|Any CPU
		{0246A963-F1A4-E5FB-798C-0B249A8A1059}.Debug|Any CPU.ActiveCfg = Debug|Any CPU
		{0246A963-F1A4-E5FB-798C-0B249A8A1059}.Debug|Any CPU.Build.0 = Debug|Any CPU
		{0246A963-F1A4-E5FB-798C-0B249A8A1059}.Release|Any CPU.ActiveCfg = Release|Any CPU
		{0246A963-F1A4-E5FB-798C-0B249A8A1059}.Release|Any CPU.Build.0 = Release|Any CPU
		{D6AC2E80-EDD8-A5C6-592D-7108EBB3505C}.Debug|Any CPU.ActiveCfg = Debug|Any CPU
		{D6AC2E80-EDD8-A5C6-592D-7108EBB3505C}.Debug|Any CPU.Build.0 = Debug|Any CPU
		{D6AC2E80-EDD8-A5C6-592D-7108EBB3505C}.Release|Any CPU.ActiveCfg = Release|Any CPU
		{D6AC2E80-EDD8-A5C6-592D-7108EBB3505C}.Release|Any CPU.Build.0 = Release|Any CPU
		{30CE5A9F-49DD-635C-3408-ADFD6752668C}.Debug|Any CPU.ActiveCfg = Debug|Any CPU
		{30CE5A9F-49DD-635C-3408-ADFD6752668C}.Debug|Any CPU.Build.0 = Debug|Any CPU
		{30CE5A9F-49DD-635C-3408-ADFD6752668C}.Release|Any CPU.ActiveCfg = Release|Any CPU
		{30CE5A9F-49DD-635C-3408-ADFD6752668C}.Release|Any CPU.Build.0 = Release|Any CPU
		{AC08933F-3FC0-9849-2470-026F1B12E5F0}.Debug|Any CPU.ActiveCfg = Debug|Any CPU
		{AC08933F-3FC0-9849-2470-026F1B12E5F0}.Debug|Any CPU.Build.0 = Debug|Any CPU
		{AC08933F-3FC0-9849-2470-026F1B12E5F0}.Release|Any CPU.ActiveCfg = Release|Any CPU
		{AC08933F-3FC0-9849-2470-026F1B12E5F0}.Release|Any CPU.Build.0 = Release|Any CPU
		{EC0CF37A-0831-1AED-11D8-7ED232180EA4}.Debug|Any CPU.ActiveCfg = Debug|Any CPU
		{EC0CF37A-0831-1AED-11D8-7ED232180EA4}.Debug|Any CPU.Build.0 = Debug|Any CPU
		{EC0CF37A-0831-1AED-11D8-7ED232180EA4}.Release|Any CPU.ActiveCfg = Release|Any CPU
		{EC0CF37A-0831-1AED-11D8-7ED232180EA4}.Release|Any CPU.Build.0 = Release|Any CPU
		{5557D3DA-369B-2F6A-BD6E-E350C4E86709}.Debug|Any CPU.ActiveCfg = Debug|Any CPU
		{5557D3DA-369B-2F6A-BD6E-E350C4E86709}.Debug|Any CPU.Build.0 = Debug|Any CPU
		{5557D3DA-369B-2F6A-BD6E-E350C4E86709}.Release|Any CPU.ActiveCfg = Release|Any CPU
		{5557D3DA-369B-2F6A-BD6E-E350C4E86709}.Release|Any CPU.Build.0 = Release|Any CPU
		{E9E979EC-279C-B215-81B1-FC730B1C3D60}.Debug|Any CPU.ActiveCfg = Debug|Any CPU
		{E9E979EC-279C-B215-81B1-FC730B1C3D60}.Debug|Any CPU.Build.0 = Debug|Any CPU
		{E9E979EC-279C-B215-81B1-FC730B1C3D60}.Release|Any CPU.ActiveCfg = Release|Any CPU
		{E9E979EC-279C-B215-81B1-FC730B1C3D60}.Release|Any CPU.Build.0 = Release|Any CPU
		{5CBFBCBD-C321-CD38-558D-47F70A65693A}.Debug|Any CPU.ActiveCfg = Debug|Any CPU
		{5CBFBCBD-C321-CD38-558D-47F70A65693A}.Debug|Any CPU.Build.0 = Debug|Any CPU
		{5CBFBCBD-C321-CD38-558D-47F70A65693A}.Release|Any CPU.ActiveCfg = Release|Any CPU
		{5CBFBCBD-C321-CD38-558D-47F70A65693A}.Release|Any CPU.Build.0 = Release|Any CPU
		{4AF57EFA-2EC4-AE7C-26AE-A35B8E9D9A9D}.Debug|Any CPU.ActiveCfg = Debug|Any CPU
		{4AF57EFA-2EC4-AE7C-26AE-A35B8E9D9A9D}.Debug|Any CPU.Build.0 = Debug|Any CPU
		{4AF57EFA-2EC4-AE7C-26AE-A35B8E9D9A9D}.Release|Any CPU.ActiveCfg = Release|Any CPU
		{4AF57EFA-2EC4-AE7C-26AE-A35B8E9D9A9D}.Release|Any CPU.Build.0 = Release|Any CPU
		{C5DB3A4D-8D01-D38A-1DD4-1914192B581F}.Debug|Any CPU.ActiveCfg = Debug|Any CPU
		{C5DB3A4D-8D01-D38A-1DD4-1914192B581F}.Debug|Any CPU.Build.0 = Debug|Any CPU
		{C5DB3A4D-8D01-D38A-1DD4-1914192B581F}.Release|Any CPU.ActiveCfg = Release|Any CPU
		{C5DB3A4D-8D01-D38A-1DD4-1914192B581F}.Release|Any CPU.Build.0 = Release|Any CPU
		{AE69DE17-F36E-290D-AB4C-C056E730819C}.Debug|Any CPU.ActiveCfg = Debug|Any CPU
		{AE69DE17-F36E-290D-AB4C-C056E730819C}.Debug|Any CPU.Build.0 = Debug|Any CPU
		{AE69DE17-F36E-290D-AB4C-C056E730819C}.Release|Any CPU.ActiveCfg = Release|Any CPU
		{AE69DE17-F36E-290D-AB4C-C056E730819C}.Release|Any CPU.Build.0 = Release|Any CPU
		{040D78E2-1E7C-9D76-7B86-E503D1FDC09F}.Debug|Any CPU.ActiveCfg = Debug|Any CPU
		{040D78E2-1E7C-9D76-7B86-E503D1FDC09F}.Debug|Any CPU.Build.0 = Debug|Any CPU
		{040D78E2-1E7C-9D76-7B86-E503D1FDC09F}.Release|Any CPU.ActiveCfg = Release|Any CPU
		{040D78E2-1E7C-9D76-7B86-E503D1FDC09F}.Release|Any CPU.Build.0 = Release|Any CPU
		{2BF01933-2747-A5E4-CEC5-8B5429243230}.Debug|Any CPU.ActiveCfg = Debug|Any CPU
		{2BF01933-2747-A5E4-CEC5-8B5429243230}.Debug|Any CPU.Build.0 = Debug|Any CPU
		{2BF01933-2747-A5E4-CEC5-8B5429243230}.Release|Any CPU.ActiveCfg = Release|Any CPU
		{2BF01933-2747-A5E4-CEC5-8B5429243230}.Release|Any CPU.Build.0 = Release|Any CPU
		{710D257B-575B-F5D7-CACB-42B5213EBA26}.Debug|Any CPU.ActiveCfg = Debug|Any CPU
		{710D257B-575B-F5D7-CACB-42B5213EBA26}.Debug|Any CPU.Build.0 = Debug|Any CPU
		{710D257B-575B-F5D7-CACB-42B5213EBA26}.Release|Any CPU.ActiveCfg = Release|Any CPU
		{710D257B-575B-F5D7-CACB-42B5213EBA26}.Release|Any CPU.Build.0 = Release|Any CPU
		{9DC1F37A-0E3E-D7E8-93FC-AA58D7028420}.Debug|Any CPU.ActiveCfg = Debug|Any CPU
		{9DC1F37A-0E3E-D7E8-93FC-AA58D7028420}.Debug|Any CPU.Build.0 = Debug|Any CPU
		{9DC1F37A-0E3E-D7E8-93FC-AA58D7028420}.Release|Any CPU.ActiveCfg = Release|Any CPU
		{9DC1F37A-0E3E-D7E8-93FC-AA58D7028420}.Release|Any CPU.Build.0 = Release|Any CPU
		{E7B8A4F0-7E00-8D32-D96C-F3FCC0C6108F}.Debug|Any CPU.ActiveCfg = Debug|Any CPU
		{E7B8A4F0-7E00-8D32-D96C-F3FCC0C6108F}.Debug|Any CPU.Build.0 = Debug|Any CPU
		{E7B8A4F0-7E00-8D32-D96C-F3FCC0C6108F}.Release|Any CPU.ActiveCfg = Release|Any CPU
		{E7B8A4F0-7E00-8D32-D96C-F3FCC0C6108F}.Release|Any CPU.Build.0 = Release|Any CPU
		{08886998-A9B1-B556-9681-EA6737238C6A}.Debug|Any CPU.ActiveCfg = Debug|Any CPU
		{08886998-A9B1-B556-9681-EA6737238C6A}.Debug|Any CPU.Build.0 = Debug|Any CPU
		{08886998-A9B1-B556-9681-EA6737238C6A}.Release|Any CPU.ActiveCfg = Release|Any CPU
		{08886998-A9B1-B556-9681-EA6737238C6A}.Release|Any CPU.Build.0 = Release|Any CPU
		{1A6E1830-C931-447E-6315-8CA9352901EC}.Debug|Any CPU.ActiveCfg = Debug|Any CPU
		{1A6E1830-C931-447E-6315-8CA9352901EC}.Debug|Any CPU.Build.0 = Debug|Any CPU
		{1A6E1830-C931-447E-6315-8CA9352901EC}.Release|Any CPU.ActiveCfg = Release|Any CPU
		{1A6E1830-C931-447E-6315-8CA9352901EC}.Release|Any CPU.Build.0 = Release|Any CPU
		{DED391AE-4D55-A7BF-E322-645CE0FC2B54}.Debug|Any CPU.ActiveCfg = Debug|Any CPU
		{DED391AE-4D55-A7BF-E322-645CE0FC2B54}.Debug|Any CPU.Build.0 = Debug|Any CPU
		{DED391AE-4D55-A7BF-E322-645CE0FC2B54}.Release|Any CPU.ActiveCfg = Release|Any CPU
		{DED391AE-4D55-A7BF-E322-645CE0FC2B54}.Release|Any CPU.Build.0 = Release|Any CPU
		{FA6A7AE0-BF8D-986B-6965-4AA24D2BAB1E}.Debug|Any CPU.ActiveCfg = Debug|Any CPU
		{FA6A7AE0-BF8D-986B-6965-4AA24D2BAB1E}.Debug|Any CPU.Build.0 = Debug|Any CPU
		{FA6A7AE0-BF8D-986B-6965-4AA24D2BAB1E}.Release|Any CPU.ActiveCfg = Release|Any CPU
		{FA6A7AE0-BF8D-986B-6965-4AA24D2BAB1E}.Release|Any CPU.Build.0 = Release|Any CPU
		{D9BD8534-43DB-3586-50A4-B2F61E939427}.Debug|Any CPU.ActiveCfg = Debug|Any CPU
		{D9BD8534-43DB-3586-50A4-B2F61E939427}.Debug|Any CPU.Build.0 = Debug|Any CPU
		{D9BD8534-43DB-3586-50A4-B2F61E939427}.Release|Any CPU.ActiveCfg = Release|Any CPU
		{D9BD8534-43DB-3586-50A4-B2F61E939427}.Release|Any CPU.Build.0 = Release|Any CPU
		{6897EEB8-425E-54A2-6682-41EC4B67C3F2}.Debug|Any CPU.ActiveCfg = Debug|Any CPU
		{6897EEB8-425E-54A2-6682-41EC4B67C3F2}.Debug|Any CPU.Build.0 = Debug|Any CPU
		{6897EEB8-425E-54A2-6682-41EC4B67C3F2}.Release|Any CPU.ActiveCfg = Release|Any CPU
		{6897EEB8-425E-54A2-6682-41EC4B67C3F2}.Release|Any CPU.Build.0 = Release|Any CPU
		{033315F9-47FD-8F8A-59E3-BDCFB93C8DC1}.Debug|Any CPU.ActiveCfg = Debug|Any CPU
		{033315F9-47FD-8F8A-59E3-BDCFB93C8DC1}.Debug|Any CPU.Build.0 = Debug|Any CPU
		{033315F9-47FD-8F8A-59E3-BDCFB93C8DC1}.Release|Any CPU.ActiveCfg = Release|Any CPU
		{033315F9-47FD-8F8A-59E3-BDCFB93C8DC1}.Release|Any CPU.Build.0 = Release|Any CPU
		{0E6B692A-B3E4-58E9-4E47-229BDFFDB9D3}.Debug|Any CPU.ActiveCfg = Debug|Any CPU
		{0E6B692A-B3E4-58E9-4E47-229BDFFDB9D3}.Debug|Any CPU.Build.0 = Debug|Any CPU
		{0E6B692A-B3E4-58E9-4E47-229BDFFDB9D3}.Release|Any CPU.ActiveCfg = Release|Any CPU
		{0E6B692A-B3E4-58E9-4E47-229BDFFDB9D3}.Release|Any CPU.Build.0 = Release|Any CPU
		{D7562DA0-7437-F62C-B0BD-D96FF52671E5}.Debug|Any CPU.ActiveCfg = Debug|Any CPU
		{D7562DA0-7437-F62C-B0BD-D96FF52671E5}.Debug|Any CPU.Build.0 = Debug|Any CPU
		{D7562DA0-7437-F62C-B0BD-D96FF52671E5}.Release|Any CPU.ActiveCfg = Release|Any CPU
		{D7562DA0-7437-F62C-B0BD-D96FF52671E5}.Release|Any CPU.Build.0 = Release|Any CPU
		{9805BB58-BA63-96AE-EF86-53D6C0ECC060}.Debug|Any CPU.ActiveCfg = Debug|Any CPU
		{9805BB58-BA63-96AE-EF86-53D6C0ECC060}.Debug|Any CPU.Build.0 = Debug|Any CPU
		{9805BB58-BA63-96AE-EF86-53D6C0ECC060}.Release|Any CPU.ActiveCfg = Release|Any CPU
		{9805BB58-BA63-96AE-EF86-53D6C0ECC060}.Release|Any CPU.Build.0 = Release|Any CPU
		{5938F536-BFF8-7A9E-7C6C-C49A39F9F145}.Debug|Any CPU.ActiveCfg = Debug|Any CPU
		{5938F536-BFF8-7A9E-7C6C-C49A39F9F145}.Debug|Any CPU.Build.0 = Debug|Any CPU
		{5938F536-BFF8-7A9E-7C6C-C49A39F9F145}.Release|Any CPU.ActiveCfg = Release|Any CPU
		{5938F536-BFF8-7A9E-7C6C-C49A39F9F145}.Release|Any CPU.Build.0 = Release|Any CPU
		{BE9CFF6F-DAB4-E0D1-5877-AFB3C2F0775C}.Debug|Any CPU.ActiveCfg = Debug|Any CPU
		{BE9CFF6F-DAB4-E0D1-5877-AFB3C2F0775C}.Debug|Any CPU.Build.0 = Debug|Any CPU
		{BE9CFF6F-DAB4-E0D1-5877-AFB3C2F0775C}.Release|Any CPU.ActiveCfg = Release|Any CPU
		{BE9CFF6F-DAB4-E0D1-5877-AFB3C2F0775C}.Release|Any CPU.Build.0 = Release|Any CPU
		{AB23EDB2-072A-C904-7DE0-599CC223F8B0}.Debug|Any CPU.ActiveCfg = Debug|Any CPU
		{AB23EDB2-072A-C904-7DE0-599CC223F8B0}.Debug|Any CPU.Build.0 = Debug|Any CPU
		{AB23EDB2-072A-C904-7DE0-599CC223F8B0}.Release|Any CPU.ActiveCfg = Release|Any CPU
		{AB23EDB2-072A-C904-7DE0-599CC223F8B0}.Release|Any CPU.Build.0 = Release|Any CPU
		{B22E06F9-663F-9A96-3440-20859D4EA2F1}.Debug|Any CPU.ActiveCfg = Debug|Any CPU
		{B22E06F9-663F-9A96-3440-20859D4EA2F1}.Debug|Any CPU.Build.0 = Debug|Any CPU
		{B22E06F9-663F-9A96-3440-20859D4EA2F1}.Release|Any CPU.ActiveCfg = Release|Any CPU
		{B22E06F9-663F-9A96-3440-20859D4EA2F1}.Release|Any CPU.Build.0 = Release|Any CPU
		{0CA28997-F1B6-592B-B765-DAA4AC5E3B38}.Debug|Any CPU.ActiveCfg = Debug|Any CPU
		{0CA28997-F1B6-592B-B765-DAA4AC5E3B38}.Debug|Any CPU.Build.0 = Debug|Any CPU
		{0CA28997-F1B6-592B-B765-DAA4AC5E3B38}.Release|Any CPU.ActiveCfg = Release|Any CPU
		{0CA28997-F1B6-592B-B765-DAA4AC5E3B38}.Release|Any CPU.Build.0 = Release|Any CPU
		{6DAD60C0-E6D1-0992-D4D8-7EEEFC92F0A3}.Debug|Any CPU.ActiveCfg = Debug|Any CPU
		{6DAD60C0-E6D1-0992-D4D8-7EEEFC92F0A3}.Debug|Any CPU.Build.0 = Debug|Any CPU
		{6DAD60C0-E6D1-0992-D4D8-7EEEFC92F0A3}.Release|Any CPU.ActiveCfg = Release|Any CPU
		{6DAD60C0-E6D1-0992-D4D8-7EEEFC92F0A3}.Release|Any CPU.Build.0 = Release|Any CPU
		{95ECEA6C-85E4-D692-510F-2FD3AF5EA472}.Debug|Any CPU.ActiveCfg = Debug|Any CPU
		{95ECEA6C-85E4-D692-510F-2FD3AF5EA472}.Debug|Any CPU.Build.0 = Debug|Any CPU
		{95ECEA6C-85E4-D692-510F-2FD3AF5EA472}.Release|Any CPU.ActiveCfg = Release|Any CPU
		{95ECEA6C-85E4-D692-510F-2FD3AF5EA472}.Release|Any CPU.Build.0 = Release|Any CPU
		{752CCDC2-127D-3311-D1BF-66D5BBF2D5E3}.Debug|Any CPU.ActiveCfg = Debug|Any CPU
		{752CCDC2-127D-3311-D1BF-66D5BBF2D5E3}.Debug|Any CPU.Build.0 = Debug|Any CPU
		{752CCDC2-127D-3311-D1BF-66D5BBF2D5E3}.Release|Any CPU.ActiveCfg = Release|Any CPU
		{752CCDC2-127D-3311-D1BF-66D5BBF2D5E3}.Release|Any CPU.Build.0 = Release|Any CPU
		{6A7CBBC1-D308-C67D-2FA2-4C1B729C1C1C}.Debug|Any CPU.ActiveCfg = Debug|Any CPU
		{6A7CBBC1-D308-C67D-2FA2-4C1B729C1C1C}.Debug|Any CPU.Build.0 = Debug|Any CPU
		{6A7CBBC1-D308-C67D-2FA2-4C1B729C1C1C}.Release|Any CPU.ActiveCfg = Release|Any CPU
		{6A7CBBC1-D308-C67D-2FA2-4C1B729C1C1C}.Release|Any CPU.Build.0 = Release|Any CPU
		{7C113246-AED5-1564-4794-06D9C2F166A2}.Debug|Any CPU.ActiveCfg = Debug|Any CPU
		{7C113246-AED5-1564-4794-06D9C2F166A2}.Debug|Any CPU.Build.0 = Debug|Any CPU
		{7C113246-AED5-1564-4794-06D9C2F166A2}.Release|Any CPU.ActiveCfg = Release|Any CPU
		{7C113246-AED5-1564-4794-06D9C2F166A2}.Release|Any CPU.Build.0 = Release|Any CPU
	EndGlobalSection
	GlobalSection(SolutionProperties) = preSolution
		HideSolutionNode = FALSE
	EndGlobalSection
EndGlobal
