
Microsoft Visual Studio Solution File, Format Version 12.00
# Visual Studio 15
Project("{FAE04EC0-301F-11D3-BF4B-00C04F79EFBC}") = "Assembly-CSharp", "Assembly-CSharp.csproj", "{08950D04-6CF9-EB0B-2E66-825EB9194F50}"
EndProject
Project("{FAE04EC0-301F-11D3-BF4B-00C04F79EFBC}") = "Unity.XR.Management.Samples.Editor", "Unity.XR.Management.Samples.Editor.csproj", "{6112C6BF-0493-A37A-B952-8401A9BFE304}"
EndProject
Project("{FAE04EC0-301F-11D3-BF4B-00C04F79EFBC}") = "Unity.XR.Management.Samples", "Unity.XR.Management.Samples.csproj", "{C52A685E-2524-D2E2-308A-0C50FC32FA16}"
EndProject
Global
	GlobalSection(SolutionConfigurationPlatforms) = preSolution
		Debug|Any CPU = Debug|Any CPU
		Release|Any CPU = Release|Any CPU
	EndGlobalSection
	GlobalSection(ProjectConfigurationPlatforms) = postSolution
		{08950D04-6CF9-EB0B-2E66-825EB9194F50}.Debug|Any CPU.ActiveCfg = Debug|Any CPU
		{08950D04-6CF9-EB0B-2E66-825EB9194F50}.Debug|Any CPU.Build.0 = Debug|Any CPU
		{08950D04-6CF9-EB0B-2E66-825EB9194F50}.Release|Any CPU.ActiveCfg = Release|Any CPU
		{08950D04-6CF9-EB0B-2E66-825EB9194F50}.Release|Any CPU.Build.0 = Release|Any CPU
		{6112C6BF-0493-A37A-B952-8401A9BFE304}.Debug|Any CPU.ActiveCfg = Debug|Any CPU
		{6112C6BF-0493-A37A-B952-8401A9BFE304}.Debug|Any CPU.Build.0 = Debug|Any CPU
		{6112C6BF-0493-A37A-B952-8401A9BFE304}.Release|Any CPU.ActiveCfg = Release|Any CPU
		{6112C6BF-0493-A37A-B952-8401A9BFE304}.Release|Any CPU.Build.0 = Release|Any CPU
		{C52A685E-2524-D2E2-308A-0C50FC32FA16}.Debug|Any CPU.ActiveCfg = Debug|Any CPU
		{C52A685E-2524-D2E2-308A-0C50FC32FA16}.Debug|Any CPU.Build.0 = Debug|Any CPU
		{C52A685E-2524-D2E2-308A-0C50FC32FA16}.Release|Any CPU.ActiveCfg = Release|Any CPU
		{C52A685E-2524-D2E2-308A-0C50FC32FA16}.Release|Any CPU.Build.0 = Release|Any CPU
	EndGlobalSection
	GlobalSection(SolutionProperties) = preSolution
		HideSolutionNode = FALSE
	EndGlobalSection
EndGlobal
